
Microsoft Visual Studio Solution File, Format Version 12.00
# Visual Studio 15
VisualStudioVersion = 15.0.27130.2010
MinimumVisualStudioVersion = 10.0.40219.1
Project("{FAE04EC0-301F-11D3-BF4B-00C04F79EFBC}") = "Lab03", "Lab03\Lab03.csproj", "{C590CD9B-FF68-4783-971F-40942871FA5B}"
EndProject
Global
	GlobalSection(SolutionConfigurationPlatforms) = preSolution
		Debug|Any CPU = Debug|Any CPU
		Release|Any CPU = Release|Any CPU
	EndGlobalSection
	GlobalSection(ProjectConfigurationPlatforms) = postSolution
		{C590CD9B-FF68-4783-971F-40942871FA5B}.Debug|Any CPU.ActiveCfg = Debug|Any CPU
		{C590CD9B-FF68-4783-971F-40942871FA5B}.Debug|Any CPU.Build.0 = Debug|Any CPU
		{C590CD9B-FF68-4783-971F-40942871FA5B}.Release|Any CPU.ActiveCfg = Release|Any CPU
		{C590CD9B-FF68-4783-971F-40942871FA5B}.Release|Any CPU.Build.0 = Release|Any CPU
	EndGlobalSection
	GlobalSection(SolutionProperties) = preSolution
		HideSolutionNode = FALSE
	EndGlobalSection
	GlobalSection(ExtensibilityGlobals) = postSolution
		SolutionGuid = {1A791D27-0EA7-4EF9-B265-536468C2713B}
	EndGlobalSection
EndGlobal
